
Microsoft Visual Studio Solution File, Format Version 12.00
# Visual Studio Version 17
VisualStudioVersion = 17.12.35209.166
MinimumVisualStudioVersion = 10.0.40219.1
Project("{FAE04EC0-301F-11D3-BF4B-00C04F79EFBC}") = "GarnetSample", "GarnetSample\GarnetSample.csproj", "{7F0AFD0F-255F-40FD-BBF6-57F594A810DC}"
EndProject
Project("{FAE04EC0-301F-11D3-BF4B-00C04F79EFBC}") = "DataCreator", "DataCreator\DataCreator.csproj", "{9F341323-08CA-47B8-9158-BC48B4E31842}"
EndProject
Global
	GlobalSection(SolutionConfigurationPlatforms) = preSolution
		Debug|Any CPU = Debug|Any CPU
		Release|Any CPU = Release|Any CPU
	EndGlobalSection
	GlobalSection(ProjectConfigurationPlatforms) = postSolution
		{7F0AFD0F-255F-40FD-BBF6-57F594A810DC}.Debug|Any CPU.ActiveCfg = Debug|Any CPU
		{7F0AFD0F-255F-40FD-BBF6-57F594A810DC}.Debug|Any CPU.Build.0 = Debug|Any CPU
		{7F0AFD0F-255F-40FD-BBF6-57F594A810DC}.Release|Any CPU.ActiveCfg = Release|Any CPU
		{7F0AFD0F-255F-40FD-BBF6-57F594A810DC}.Release|Any CPU.Build.0 = Release|Any CPU
		{9F341323-08CA-47B8-9158-BC48B4E31842}.Debug|Any CPU.ActiveCfg = Debug|Any CPU
		{9F341323-08CA-47B8-9158-BC48B4E31842}.Debug|Any CPU.Build.0 = Debug|Any CPU
		{9F341323-08CA-47B8-9158-BC48B4E31842}.Release|Any CPU.ActiveCfg = Release|Any CPU
		{9F341323-08CA-47B8-9158-BC48B4E31842}.Release|Any CPU.Build.0 = Release|Any CPU
	EndGlobalSection
	GlobalSection(SolutionProperties) = preSolution
		HideSolutionNode = FALSE
	EndGlobalSection
	GlobalSection(ExtensibilityGlobals) = postSolution
		SolutionGuid = {8D781154-504B-486F-B746-6D6F66B528FF}
	EndGlobalSection
EndGlobal
